# This file is generated by running "yarn install" inside your project.
# Manual changes might be lost - proceed with caution!

__metadata:
  version: 4
  cacheKey: 7

"base-react-node-docker@workspace:.":
  version: 0.0.0-use.local
  resolution: "base-react-node-docker@workspace:."
  dependencies:
    webpack-merge: ^5.7.3
  languageName: unknown
  linkType: soft

"clone-deep@npm:^4.0.1":
  version: 4.0.1
  resolution: "clone-deep@npm:4.0.1"
  dependencies:
    is-plain-object: ^2.0.4
    kind-of: ^6.0.2
    shallow-clone: ^3.0.0
  checksum: b0146d66cabc7e609d23d10155dcc88e2f74b03539b3b65f8a05f889500e2a78b6c6265a744445d009d512a1afa16836f62aa5737d462027142984c2d41130c8
  languageName: node
  linkType: hard

"is-plain-object@npm:^2.0.4":
  version: 2.0.4
  resolution: "is-plain-object@npm:2.0.4"
  dependencies:
    isobject: ^3.0.1
  checksum: 2f3232267366f3cdf13d53deda1b282ba7959f28ccb2ee8e0ca168f859f0d7126c27c846ebb7c2b9821a09bbda2e1835fd4020337ba666cf3c03dc256aab7ba1
  languageName: node
  linkType: hard

"isobject@npm:^3.0.1":
  version: 3.0.1
  resolution: "isobject@npm:3.0.1"
  checksum: b537a9ccdd8d40ec552fe7ff5db3731f1deb77581adf9beb8ae812f8d08acfa0e74b193159ac50fb01084d7ade06d114077f984e21b8340531241bf85be9a0ab
  languageName: node
  linkType: hard

"kind-of@npm:^6.0.2":
  version: 6.0.3
  resolution: "kind-of@npm:6.0.3"
  checksum: 5de5d6577796af87a983199d6350ed41c670abec4a306cc43ca887c1afdbd6b89af9ab00016e3ca17eb7ad89ebfd9bb817d33baa89f855c6c95398a8b8abbf08
  languageName: node
  linkType: hard

"shallow-clone@npm:^3.0.0":
  version: 3.0.1
  resolution: "shallow-clone@npm:3.0.1"
  dependencies:
    kind-of: ^6.0.2
  checksum: e329e054c286f0681fd8a9e5c353999519332f12510a99e189ea9cfa0337adb6f1414639d44493418ef6790a693b78c354525269f5db25a9feddd8b4d7891a62
  languageName: node
  linkType: hard

"webpack-merge@npm:^5.7.3":
  version: 5.7.3
  resolution: "webpack-merge@npm:5.7.3"
  dependencies:
    clone-deep: ^4.0.1
    wildcard: ^2.0.0
  checksum: 5e28f66f597cb34ac5f7ca0881cd3f106265091e47d7cda9ae00f4902283efdfdab36a70e34a9cf7b1467aac021178981513393b7dcddbb84caf11920f269379
  languageName: node
  linkType: hard

"wildcard@npm:^2.0.0":
  version: 2.0.0
  resolution: "wildcard@npm:2.0.0"
  checksum: 207baede4d6d41fc1aefcc4727c95ca6f29eaaf4d66478665fe0ac17232709637426ae96fd79deb3b68da3564e7bde7f2be63e5c3665ac8f63ee92364c0a2dd3
  languageName: node
  linkType: hard
